
Microsoft Visual Studio Solution File, Format Version 12.00
# Visual Studio Version 16
VisualStudioVersion = 16.0.30804.86
MinimumVisualStudioVersion = 10.0.40219.1
Project("{FAE04EC0-301F-11D3-BF4B-00C04F79EFBC}") = "ArithmeticSample", "ArithmeticSample\ArithmeticSample.csproj", "{BC9D66A5-E2AD-4452-9F29-8B2706AE9C21}"
EndProject
Global
	GlobalSection(SolutionConfigurationPlatforms) = preSolution
		Debug|Any CPU = Debug|Any CPU
		Release|Any CPU = Release|Any CPU
	EndGlobalSection
	GlobalSection(ProjectConfigurationPlatforms) = postSolution
		{BC9D66A5-E2AD-4452-9F29-8B2706AE9C21}.Debug|Any CPU.ActiveCfg = Debug|Any CPU
		{BC9D66A5-E2AD-4452-9F29-8B2706AE9C21}.Debug|Any CPU.Build.0 = Debug|Any CPU
		{BC9D66A5-E2AD-4452-9F29-8B2706AE9C21}.Release|Any CPU.ActiveCfg = Release|Any CPU
		{BC9D66A5-E2AD-4452-9F29-8B2706AE9C21}.Release|Any CPU.Build.0 = Release|Any CPU
	EndGlobalSection
	GlobalSection(SolutionProperties) = preSolution
		HideSolutionNode = FALSE
	EndGlobalSection
	GlobalSection(ExtensibilityGlobals) = postSolution
		SolutionGuid = {59B6F088-4B60-4AD8-8AA6-BF95905D2778}
	EndGlobalSection
EndGlobal
