
Microsoft Visual Studio Solution File, Format Version 12.00
# Visual Studio Version 16
VisualStudioVersion = 16.0.30804.86
MinimumVisualStudioVersion = 10.0.40219.1
Project("{FAE04EC0-301F-11D3-BF4B-00C04F79EFBC}") = "FirstSample", "FirstSample\FirstSample.csproj", "{7D526697-BA1F-49D7-8768-85097CBC351B}"
EndProject
Global
	GlobalSection(SolutionConfigurationPlatforms) = preSolution
		Debug|Any CPU = Debug|Any CPU
		Release|Any CPU = Release|Any CPU
	EndGlobalSection
	GlobalSection(ProjectConfigurationPlatforms) = postSolution
		{7D526697-BA1F-49D7-8768-85097CBC351B}.Debug|Any CPU.ActiveCfg = Debug|Any CPU
		{7D526697-BA1F-49D7-8768-85097CBC351B}.Debug|Any CPU.Build.0 = Debug|Any CPU
		{7D526697-BA1F-49D7-8768-85097CBC351B}.Release|Any CPU.ActiveCfg = Release|Any CPU
		{7D526697-BA1F-49D7-8768-85097CBC351B}.Release|Any CPU.Build.0 = Release|Any CPU
	EndGlobalSection
	GlobalSection(SolutionProperties) = preSolution
		HideSolutionNode = FALSE
	EndGlobalSection
	GlobalSection(ExtensibilityGlobals) = postSolution
		SolutionGuid = {0A13F9B3-9ADC-417E-999F-43E2EF003568}
	EndGlobalSection
EndGlobal
